<?xml version="1.0" encoding="utf-8"?>
<Project ToolsVersion="4.0" xmlns="http://schemas.microsoft.com/developer/msbuild/2003">
  <ItemGroup>
    <Filter Include="Core">
      <UniqueIdentifier>{9494f307-c1ec-49c3-b3a2-e8bd3267d84e}</UniqueIdentifier>
    </Filter>
    <Filter Include="Core\Window">
      <UniqueIdentifier>{a3d208ce-c616-4e32-9d2d-f8e8825c59cf}</UniqueIdentifier>
    </Filter>
    <Filter Include="include">
      <UniqueIdentifier>{1d2eb2cb-c2cc-41b4-af6d-395b05f55a04}</UniqueIdentifier>
    </Filter>
    <Filter Include="Component">
      <UniqueIdentifier>{473dfab2-3e7d-432d-8e69-65aa99f48c29}</UniqueIdentifier>
    </Filter>
    <Filter Include="Core\GPU">
      <UniqueIdentifier>{271e5bd2-7cb3-40b7-b2e5-5e343c58f910}</UniqueIdentifier>
    </Filter>
    <Filter Include="Laboratoare">
      <UniqueIdentifier>{a73d11aa-9a42-4f7c-ba61-adefedb1e0cf}</UniqueIdentifier>
    </Filter>
    <Filter Include="Core\Managers">
      <UniqueIdentifier>{2940a1fd-9fef-46a7-93fb-a8241118d00a}</UniqueIdentifier>
    </Filter>
    <Filter Include="Laboratoare\Laborator8">
      <UniqueIdentifier>{3c958119-75f1-4935-8049-413694909f55}</UniqueIdentifier>
    </Filter>
    <Filter Include="Laboratoare\Laborator8\Shaders">
      <UniqueIdentifier>{ca649040-b6c3-45ca-9f4d-b36d6b0df943}</UniqueIdentifier>
    </Filter>
    <Filter Include="Migine">
      <UniqueIdentifier>{b53c7375-474e-4f84-b526-c004be13a902}</UniqueIdentifier>
    </Filter>
    <Filter Include="Migine\Renderers">
      <UniqueIdentifier>{e0d5ed74-538b-49b9-8cd7-6115b9a0f50a}</UniqueIdentifier>
    </Filter>
    <Filter Include="Migine\GameObjects">
      <UniqueIdentifier>{9aadbaae-7946-43af-a090-f2ad088c624c}</UniqueIdentifier>
    </Filter>
    <Filter Include="Migine\ContactDetection">
      <UniqueIdentifier>{a59a9af8-cf6e-401c-ac62-866a34b4547c}</UniqueIdentifier>
    </Filter>
  </ItemGroup>
  <ItemGroup>
    <ClCompile Include="..\Source\Core\Engine.cpp">
      <Filter>Core</Filter>
    </ClCompile>
    <ClCompile Include="..\Source\Core\World.cpp">
      <Filter>Core</Filter>
    </ClCompile>
    <ClCompile Include="..\Source\include\gl.cpp">
      <Filter>include</Filter>
    </ClCompile>
    <ClCompile Include="..\Source\Core\Window\WindowObject.cpp">
      <Filter>Core\Window</Filter>
    </ClCompile>
    <ClCompile Include="..\Source\Core\GPU\Shader.cpp">
      <Filter>Core\GPU</Filter>
    </ClCompile>
    <ClCompile Include="..\Source\Main.cpp" />
    <ClCompile Include="..\Source\Core\Window\WindowCallbacks.cpp">
      <Filter>Core\Window</Filter>
    </ClCompile>
    <ClCompile Include="..\Source\Core\GPU\Mesh.cpp">
      <Filter>Core\GPU</Filter>
    </ClCompile>
    <ClCompile Include="..\Source\Core\GPU\Texture2D.cpp">
      <Filter>Core\GPU</Filter>
    </ClCompile>
    <ClCompile Include="..\Source\Core\Managers\TextureManager.cpp">
      <Filter>Core\Managers</Filter>
    </ClCompile>
    <ClCompile Include="..\Source\Component\CameraInput.cpp">
      <Filter>Component</Filter>
    </ClCompile>
    <ClCompile Include="..\Source\Core\Window\InputController.cpp">
      <Filter>Core\Window</Filter>
    </ClCompile>
    <ClCompile Include="..\Source\Core\GPU\GPUBuffers.cpp">
      <Filter>Core\GPU</Filter>
    </ClCompile>
    <ClCompile Include="..\Source\Migine\Renderers\SimpleLighting.cpp">
      <Filter>Migine\Renderers</Filter>
    </ClCompile>
    <ClCompile Include="source\migine\game_objects\components\Has_transform.cpp" />
    <ClCompile Include="source\migine\contact_detection\Contact.cpp" />
    <ClCompile Include="source\migine\contact_detection\AABB.cpp" />
    <ClCompile Include="source\migine\contact_detection\BVH.cpp" />
    <ClCompile Include="Source\migine\utils.cpp" />
    <ClCompile Include="source\migine\game_objects\components\Has_id.cpp" />
    <ClCompile Include="source\migine\game_objects\components\Transform.cpp" />
    <ClCompile Include="source\migine\game_objects\contact_detection\Box_collider.cpp" />
    <ClCompile Include="source\migine\game_objects\contact_detection\Sphere_collider.cpp" />
    <ClCompile Include="Source\migine\Resource_manager.cpp" />
    <ClCompile Include="source\migine\game_objects\rendering\Simple_renderer.cpp" />
    <ClCompile Include="source\migine\game_objects\rendering\Wireframe_renderer.cpp" />
    <ClCompile Include="source\migine\game_objects\components\Has_shader.cpp" />
    <ClCompile Include="source\migine\game_objects\components\Has_mesh.cpp" />
    <ClCompile Include="Source\migine\scenes\Scene_base.cpp" />
    <ClCompile Include="Source\migine\scenes\Scene_input.cpp" />
    <ClCompile Include="source\migine\game_objects\shapes\Box.cpp" />
    <ClCompile Include="source\migine\game_objects\shapes\Sphere.cpp" />
    <ClCompile Include="Source\migine\scenes\Scene_01.cpp" />
    <ClCompile Include="source\migine\game_objects\physics\Rigid_body.cpp" />
    <ClCompile Include="source\migine\game_objects\contact_detection\std_hash_extensions.cpp" />
    <ClCompile Include="source\migine\game_objects\Game_object.cpp" />
    <ClCompile Include="source\migine\game_objects\physics\force_generators.cpp" />
    <ClCompile Include="source\migine\scenes\Scene_02.cpp" />
    <ClCompile Include="source\migine\game_objects\contact_detection\Contact_resolver.cpp" />
  </ItemGroup>
  <ItemGroup>
    <ClInclude Include="..\Source\Core\World.h">
      <Filter>Core</Filter>
    </ClInclude>
    <ClInclude Include="..\Source\Core\Engine.h">
      <Filter>Core</Filter>
    </ClInclude>
    <ClInclude Include="..\Source\include\gl.h">
      <Filter>include</Filter>
    </ClInclude>
    <ClInclude Include="..\Source\include\glm.h">
      <Filter>include</Filter>
    </ClInclude>
    <ClInclude Include="..\Source\include\math.h">
      <Filter>include</Filter>
    </ClInclude>
    <ClInclude Include="..\Source\include\utils.h">
      <Filter>include</Filter>
    </ClInclude>
    <ClInclude Include="..\Source\Core\Window\WindowObject.h">
      <Filter>Core\Window</Filter>
    </ClInclude>
    <ClInclude Include="..\Source\Core\GPU\Shader.h">
      <Filter>Core\GPU</Filter>
    </ClInclude>
    <ClInclude Include="..\Source\Core\Window\WindowCallbacks.h">
      <Filter>Core\Window</Filter>
    </ClInclude>
    <ClInclude Include="..\Source\Core\GPU\Mesh.h">
      <Filter>Core\GPU</Filter>
    </ClInclude>
    <ClInclude Include="..\Source\Core\GPU\Texture2D.h">
      <Filter>Core\GPU</Filter>
    </ClInclude>
    <ClInclude Include="..\Source\Laboratoare\LabList.h">
      <Filter>Laboratoare</Filter>
    </ClInclude>
    <ClInclude Include="..\Source\Core\Managers\ResourcePath.h">
      <Filter>Core\Managers</Filter>
    </ClInclude>
    <ClInclude Include="..\Source\Core\Managers\TextureManager.h">
      <Filter>Core\Managers</Filter>
    </ClInclude>
    <ClInclude Include="..\Source\Component\CameraInput.h">
      <Filter>Component</Filter>
    </ClInclude>
    <ClInclude Include="..\Source\Core\Window\InputController.h">
      <Filter>Core\Window</Filter>
    </ClInclude>
    <ClInclude Include="..\Source\Core\GPU\GPUBuffers.h">
      <Filter>Core\GPU</Filter>
    </ClInclude>
    <ClInclude Include="..\Source\Migine\Renderers\SimpleLighting.h">
      <Filter>Migine\Renderers</Filter>
    </ClInclude>
    <ClInclude Include="source\migine\game_objects\Game_object.h" />
    <ClInclude Include="source\migine\game_objects\components\Transform.h" />
    <ClInclude Include="source\migine\game_objects\components\Has_transform.h" />
    <ClInclude Include="source\migine\game_objects\components\Has_mesh.h" />
    <ClInclude Include="source\migine\game_objects\components\Mesh.h" />
    <ClInclude Include="source\migine\game_objects\components\Has_shader.h" />
    <ClInclude Include="source\migine\game_objects\components\Shader.h" />
    <ClInclude Include="source\migine\game_objects\contact_detection\Collider_base.h" />
    <ClInclude Include="source\migine\contact_detection\Contact.h" />
    <ClInclude Include="source\migine\contact_detection\AABB.h" />
    <ClInclude Include="source\migine\contact_detection\BVH.h" />
    <ClInclude Include="Source\migine\utils.h" />
    <ClInclude Include="Source\migine\constants.h" />
    <ClInclude Include="Source\migine\define.h" />
    <ClInclude Include="Source\migine\Camera.h" />
    <ClInclude Include="source\migine\game_objects\components\Has_id.h" />
    <ClInclude Include="source\migine\game_objects\contact_detection\Box_collider.h" />
    <ClInclude Include="source\migine\game_objects\contact_detection\Sphere_collider.h" />
    <ClInclude Include="Source\migine\Resource_manager.h" />
    <ClInclude Include="source\migine\game_objects\rendering\Renderer_base.h" />
    <ClInclude Include="source\migine\game_objects\rendering\Simple_renderer.h" />
    <ClInclude Include="source\migine\game_objects\rendering\Wireframe_renderer.h" />
    <ClInclude Include="Source\migine\scenes\Scene_base.h" />
    <ClInclude Include="Source\migine\scenes\Scene_input.h" />
    <ClInclude Include="source\migine\game_objects\shapes\Box.h" />
    <ClInclude Include="source\migine\game_objects\shapes\Sphere.h" />
    <ClInclude Include="Source\migine\scenes\Scene_01.h" />
    <ClInclude Include="source\migine\game_objects\physics\Rigid_body.h" />
    <ClInclude Include="source\migine\game_objects\components\Has_name.h" />
    <ClInclude Include="source\migine\game_objects\physics\force_generators.h" />
    <ClInclude Include="source\migine\game_objects\physics\get_initial_force_generators.h" />
    <ClInclude Include="source\migine\make_array.h" />
    <ClInclude Include="source\migine\scenes\Scene_02.h" />
    <ClInclude Include="source\migine\game_objects\contact_detection\Contact_resolver.h" />
  </ItemGroup>
  <ItemGroup>
    <None Include="..\Source\Laboratoare\Laborator8\Shaders\FragmentShader.glsl">
      <Filter>Laboratoare\Laborator8\Shaders</Filter>
    </None>
    <None Include="..\Source\Laboratoare\Laborator8\Shaders\VertexShader.glsl">
      <Filter>Laboratoare\Laborator8\Shaders</Filter>
    </None>
    <None Include="ClassDiagram.cd" />
    <None Include="Source\gsl\gsl" />
    <None Include="Source\gsl\gsl_algorithm" />
    <None Include="Source\gsl\gsl_assert" />
    <None Include="Source\gsl\gsl_byte" />
    <None Include="Source\gsl\gsl_util" />
    <None Include="Source\gsl\multi_span" />
    <None Include="Source\gsl\pointers" />
    <None Include="Source\gsl\span" />
    <None Include="Source\gsl\span_ext" />
    <None Include="Source\gsl\string_span" />
  </ItemGroup>
</Project>