<?xml version="1.0" encoding="utf-8"?>
<Project ToolsVersion="4.0" xmlns="http://schemas.microsoft.com/developer/msbuild/2003">
  <ItemGroup>
    <Filter Include="Core">
      <UniqueIdentifier>{9494f307-c1ec-49c3-b3a2-e8bd3267d84e}</UniqueIdentifier>
    </Filter>
    <Filter Include="Core\Window">
      <UniqueIdentifier>{a3d208ce-c616-4e32-9d2d-f8e8825c59cf}</UniqueIdentifier>
    </Filter>
    <Filter Include="include">
      <UniqueIdentifier>{1d2eb2cb-c2cc-41b4-af6d-395b05f55a04}</UniqueIdentifier>
    </Filter>
    <Filter Include="Component">
      <UniqueIdentifier>{473dfab2-3e7d-432d-8e69-65aa99f48c29}</UniqueIdentifier>
    </Filter>
    <Filter Include="Core\GPU">
      <UniqueIdentifier>{271e5bd2-7cb3-40b7-b2e5-5e343c58f910}</UniqueIdentifier>
    </Filter>
    <Filter Include="Laboratoare">
      <UniqueIdentifier>{a73d11aa-9a42-4f7c-ba61-adefedb1e0cf}</UniqueIdentifier>
    </Filter>
    <Filter Include="Core\Managers">
      <UniqueIdentifier>{2940a1fd-9fef-46a7-93fb-a8241118d00a}</UniqueIdentifier>
    </Filter>
    <Filter Include="Laboratoare\Laborator8">
      <UniqueIdentifier>{3c958119-75f1-4935-8049-413694909f55}</UniqueIdentifier>
    </Filter>
    <Filter Include="Laboratoare\Laborator8\Shaders">
      <UniqueIdentifier>{ca649040-b6c3-45ca-9f4d-b36d6b0df943}</UniqueIdentifier>
    </Filter>
    <Filter Include="Migine">
      <UniqueIdentifier>{b53c7375-474e-4f84-b526-c004be13a902}</UniqueIdentifier>
    </Filter>
    <Filter Include="Migine\Renderers">
      <UniqueIdentifier>{e0d5ed74-538b-49b9-8cd7-6115b9a0f50a}</UniqueIdentifier>
    </Filter>
    <Filter Include="Migine\GameObjects">
      <UniqueIdentifier>{9aadbaae-7946-43af-a090-f2ad088c624c}</UniqueIdentifier>
    </Filter>
    <Filter Include="Migine\BroadContactDetection">
      <UniqueIdentifier>{a59a9af8-cf6e-401c-ac62-866a34b4547c}</UniqueIdentifier>
    </Filter>
  </ItemGroup>
  <ItemGroup>
    <ClCompile Include="..\Source\Core\Engine.cpp">
      <Filter>Core</Filter>
    </ClCompile>
    <ClCompile Include="..\Source\Core\World.cpp">
      <Filter>Core</Filter>
    </ClCompile>
    <ClCompile Include="..\Source\include\gl.cpp">
      <Filter>include</Filter>
    </ClCompile>
    <ClCompile Include="..\Source\Core\Window\WindowObject.cpp">
      <Filter>Core\Window</Filter>
    </ClCompile>
    <ClCompile Include="..\Source\Core\GPU\Shader.cpp">
      <Filter>Core\GPU</Filter>
    </ClCompile>
    <ClCompile Include="..\Source\Main.cpp" />
    <ClCompile Include="..\Source\Core\Window\WindowCallbacks.cpp">
      <Filter>Core\Window</Filter>
    </ClCompile>
    <ClCompile Include="..\Source\Core\GPU\Mesh.cpp">
      <Filter>Core\GPU</Filter>
    </ClCompile>
    <ClCompile Include="..\Source\Core\GPU\Texture2D.cpp">
      <Filter>Core\GPU</Filter>
    </ClCompile>
    <ClCompile Include="..\Source\Core\Managers\TextureManager.cpp">
      <Filter>Core\Managers</Filter>
    </ClCompile>
    <ClCompile Include="..\Source\Component\CameraInput.cpp">
      <Filter>Component</Filter>
    </ClCompile>
    <ClCompile Include="..\Source\Core\Window\InputController.cpp">
      <Filter>Core\Window</Filter>
    </ClCompile>
    <ClCompile Include="..\Source\Core\GPU\GPUBuffers.cpp">
      <Filter>Core\GPU</Filter>
    </ClCompile>
    <ClCompile Include="..\Source\Laboratoare\Laborator8\Laborator8.cpp">
      <Filter>Laboratoare\Laborator8</Filter>
    </ClCompile>
    <ClCompile Include="..\Source\Migine\Renderers\SimpleRenderer.cpp">
      <Filter>Migine\Renderers</Filter>
    </ClCompile>
    <ClCompile Include="..\Source\Migine\Renderers\WireframeRenderer.cpp">
      <Filter>Migine\Renderers</Filter>
    </ClCompile>
    <ClCompile Include="..\Source\Migine\GameObjects\Box.cpp">
      <Filter>Migine\GameObjects</Filter>
    </ClCompile>
    <ClCompile Include="..\Source\Migine\GameObjects\GameObject.cpp">
      <Filter>Migine\GameObjects</Filter>
    </ClCompile>
    <ClCompile Include="..\Source\Migine\GameObjects\Sphere.cpp">
      <Filter>Migine\GameObjects</Filter>
    </ClCompile>
    <ClCompile Include="..\Source\Migine\utils.cpp">
      <Filter>Migine</Filter>
    </ClCompile>
    <ClCompile Include="..\Source\Migine\Renderers\SimpleLighting.cpp">
      <Filter>Migine\Renderers</Filter>
    </ClCompile>
    <ClCompile Include="..\Source\Migine\RenderedObject.cpp">
      <Filter>Migine</Filter>
    </ClCompile>
    <ClCompile Include="..\Source\Migine\Renderers\BaseRenderer.cpp">
      <Filter>Migine\Renderers</Filter>
    </ClCompile>
    <ClCompile Include="..\Source\Migine\ResourceManager.cpp">
      <Filter>Migine</Filter>
    </ClCompile>
    <ClCompile Include="..\Source\Migine\BroadContactDetection\AABB.cpp">
      <Filter>Migine\BroadContactDetection</Filter>
    </ClCompile>
    <ClCompile Include="..\Source\Migine\BroadContactDetection\BVH.cpp">
      <Filter>Migine\BroadContactDetection</Filter>
    </ClCompile>
    <ClCompile Include="..\Source\Migine\BaseScene.cpp">
      <Filter>Migine</Filter>
    </ClCompile>
    <ClCompile Include="..\Source\Migine\SceneInput.cpp">
      <Filter>Migine</Filter>
    </ClCompile>
    <ClCompile Include="..\Source\Migine\BroadContactDetection\RenderedWraperForAABB.cpp">
      <Filter>Migine\BroadContactDetection</Filter>
    </ClCompile>
  </ItemGroup>
  <ItemGroup>
    <ClInclude Include="..\Source\Core\World.h">
      <Filter>Core</Filter>
    </ClInclude>
    <ClInclude Include="..\Source\Core\Engine.h">
      <Filter>Core</Filter>
    </ClInclude>
    <ClInclude Include="..\Source\include\gl.h">
      <Filter>include</Filter>
    </ClInclude>
    <ClInclude Include="..\Source\include\glm.h">
      <Filter>include</Filter>
    </ClInclude>
    <ClInclude Include="..\Source\include\math.h">
      <Filter>include</Filter>
    </ClInclude>
    <ClInclude Include="..\Source\include\utils.h">
      <Filter>include</Filter>
    </ClInclude>
    <ClInclude Include="..\Source\Core\Window\WindowObject.h">
      <Filter>Core\Window</Filter>
    </ClInclude>
    <ClInclude Include="..\Source\Core\GPU\Shader.h">
      <Filter>Core\GPU</Filter>
    </ClInclude>
    <ClInclude Include="..\Source\Core\Window\WindowCallbacks.h">
      <Filter>Core\Window</Filter>
    </ClInclude>
    <ClInclude Include="..\Source\Core\GPU\Mesh.h">
      <Filter>Core\GPU</Filter>
    </ClInclude>
    <ClInclude Include="..\Source\Core\GPU\Texture2D.h">
      <Filter>Core\GPU</Filter>
    </ClInclude>
    <ClInclude Include="..\Source\Laboratoare\LabList.h">
      <Filter>Laboratoare</Filter>
    </ClInclude>
    <ClInclude Include="..\Source\Core\Managers\ResourcePath.h">
      <Filter>Core\Managers</Filter>
    </ClInclude>
    <ClInclude Include="..\Source\Core\Managers\TextureManager.h">
      <Filter>Core\Managers</Filter>
    </ClInclude>
    <ClInclude Include="..\Source\Component\CameraInput.h">
      <Filter>Component</Filter>
    </ClInclude>
    <ClInclude Include="..\Source\Core\Window\InputController.h">
      <Filter>Core\Window</Filter>
    </ClInclude>
    <ClInclude Include="..\Source\Core\GPU\GPUBuffers.h">
      <Filter>Core\GPU</Filter>
    </ClInclude>
    <ClInclude Include="..\Source\Laboratoare\Laborator8\Laborator8.h">
      <Filter>Laboratoare\Laborator8</Filter>
    </ClInclude>
    <ClInclude Include="..\Source\Migine\define.h">
      <Filter>Migine</Filter>
    </ClInclude>
    <ClInclude Include="..\Source\Migine\constants.h">
      <Filter>Migine</Filter>
    </ClInclude>
    <ClInclude Include="..\Source\Migine\Renderers\SimpleRenderer.h">
      <Filter>Migine\Renderers</Filter>
    </ClInclude>
    <ClInclude Include="..\Source\Migine\Renderers\WireframeRenderer.h">
      <Filter>Migine\Renderers</Filter>
    </ClInclude>
    <ClInclude Include="..\Source\Migine\GameObjects\Box.h">
      <Filter>Migine\GameObjects</Filter>
    </ClInclude>
    <ClInclude Include="..\Source\Migine\GameObjects\GameObject.h">
      <Filter>Migine\GameObjects</Filter>
    </ClInclude>
    <ClInclude Include="..\Source\Migine\GameObjects\Sphere.h">
      <Filter>Migine\GameObjects</Filter>
    </ClInclude>
    <ClInclude Include="..\Source\Migine\utils.h">
      <Filter>Migine</Filter>
    </ClInclude>
    <ClInclude Include="..\Source\Migine\Renderers\SimpleLighting.h">
      <Filter>Migine\Renderers</Filter>
    </ClInclude>
    <ClInclude Include="..\Source\Migine\RenderedObject.h">
      <Filter>Migine</Filter>
    </ClInclude>
    <ClInclude Include="..\Source\Migine\Renderers\BaseRenderer.h">
      <Filter>Migine\Renderers</Filter>
    </ClInclude>
    <ClInclude Include="..\Source\Migine\ResourceManager.h">
      <Filter>Migine</Filter>
    </ClInclude>
    <ClInclude Include="..\Source\Migine\BroadContactDetection\AABB.h">
      <Filter>Migine\BroadContactDetection</Filter>
    </ClInclude>
    <ClInclude Include="..\Source\Migine\BroadContactDetection\BVH.h">
      <Filter>Migine\BroadContactDetection</Filter>
    </ClInclude>
    <ClInclude Include="..\Source\Migine\BaseScene.h">
      <Filter>Migine</Filter>
    </ClInclude>
    <ClInclude Include="..\Source\Migine\SceneInput.h">
      <Filter>Migine</Filter>
    </ClInclude>
    <ClInclude Include="..\Source\Migine\BroadContactDetection\RenderedWraperForAABB.h">
      <Filter>Migine\BroadContactDetection</Filter>
    </ClInclude>
  </ItemGroup>
  <ItemGroup>
    <None Include="..\Source\Laboratoare\Laborator8\Shaders\FragmentShader.glsl">
      <Filter>Laboratoare\Laborator8\Shaders</Filter>
    </None>
    <None Include="..\Source\Laboratoare\Laborator8\Shaders\VertexShader.glsl">
      <Filter>Laboratoare\Laborator8\Shaders</Filter>
    </None>
    <None Include="ClassDiagram.cd" />
  </ItemGroup>
</Project>